
Microsoft Visual Studio Solution File, Format Version 12.00
# Visual Studio Version 17
VisualStudioVersion = 17.11.35201.85
MinimumVisualStudioVersion = 10.0.40219.1
Project("{FAE04EC0-301F-11D3-BF4B-00C04F79EFBC}") = "ClassIsland.WinRtExtensions", "ClassIsland.WinRtExtensions\ClassIsland.WinRtExtensions.csproj", "{5EEEC9ED-4283-4E0C-BDA7-DF1F5EB43D6B}"
EndProject
Global
	GlobalSection(SolutionConfigurationPlatforms) = preSolution
		Debug|Any CPU = Debug|Any CPU
		Release|Any CPU = Release|Any CPU
	EndGlobalSection
	GlobalSection(ProjectConfigurationPlatforms) = postSolution
		{5EEEC9ED-4283-4E0C-BDA7-DF1F5EB43D6B}.Debug|Any CPU.ActiveCfg = Debug|Any CPU
		{5EEEC9ED-4283-4E0C-BDA7-DF1F5EB43D6B}.Debug|Any CPU.Build.0 = Debug|Any CPU
		{5EEEC9ED-4283-4E0C-BDA7-DF1F5EB43D6B}.Release|Any CPU.ActiveCfg = Release|Any CPU
		{5EEEC9ED-4283-4E0C-BDA7-DF1F5EB43D6B}.Release|Any CPU.Build.0 = Release|Any CPU
	EndGlobalSection
	GlobalSection(SolutionProperties) = preSolution
		HideSolutionNode = FALSE
	EndGlobalSection
	GlobalSection(ExtensibilityGlobals) = postSolution
		SolutionGuid = {273532DF-21FE-41DC-A5EC-43DB7176374F}
	EndGlobalSection
EndGlobal
